
Microsoft Visual Studio Solution File, Format Version 12.00
# Visual Studio Version 16
VisualStudioVersion = 16.0.29230.47
MinimumVisualStudioVersion = 10.0.40219.1
Project("{FAE04EC0-301F-11D3-BF4B-00C04F79EFBC}") = "Aplikacja_SQL", "Aplikacja_SQL\Aplikacja_SQL.csproj", "{100E5BFE-D43E-400F-BB4D-6E656BE212A2}"
EndProject
Global
	GlobalSection(SolutionConfigurationPlatforms) = preSolution
		Debug|Any CPU = Debug|Any CPU
		Release|Any CPU = Release|Any CPU
	EndGlobalSection
	GlobalSection(ProjectConfigurationPlatforms) = postSolution
		{100E5BFE-D43E-400F-BB4D-6E656BE212A2}.Debug|Any CPU.ActiveCfg = Debug|Any CPU
		{100E5BFE-D43E-400F-BB4D-6E656BE212A2}.Debug|Any CPU.Build.0 = Debug|Any CPU
		{100E5BFE-D43E-400F-BB4D-6E656BE212A2}.Release|Any CPU.ActiveCfg = Release|Any CPU
		{100E5BFE-D43E-400F-BB4D-6E656BE212A2}.Release|Any CPU.Build.0 = Release|Any CPU
	EndGlobalSection
	GlobalSection(SolutionProperties) = preSolution
		HideSolutionNode = FALSE
	EndGlobalSection
	GlobalSection(ExtensibilityGlobals) = postSolution
		SolutionGuid = {357CAF91-B1ED-4E6E-ADFB-30249DE25478}
	EndGlobalSection
EndGlobal
